
Microsoft Visual Studio Solution File, Format Version 12.00
Project("{FAE04EC0-301F-11D3-BF4B-00C04F79EFBC}") = "Bai01d.LessionBMI", "Bai01d.LessionBMI\Bai01d.LessionBMI.csproj", "{C3FA9642-BCB4-4663-85D6-EF0DAA5B6FE5}"
EndProject
Global
	GlobalSection(SolutionConfigurationPlatforms) = preSolution
		Debug|Any CPU = Debug|Any CPU
		Release|Any CPU = Release|Any CPU
	EndGlobalSection
	GlobalSection(ProjectConfigurationPlatforms) = postSolution
		{C3FA9642-BCB4-4663-85D6-EF0DAA5B6FE5}.Debug|Any CPU.ActiveCfg = Debug|Any CPU
		{C3FA9642-BCB4-4663-85D6-EF0DAA5B6FE5}.Debug|Any CPU.Build.0 = Debug|Any CPU
		{C3FA9642-BCB4-4663-85D6-EF0DAA5B6FE5}.Release|Any CPU.ActiveCfg = Release|Any CPU
		{C3FA9642-BCB4-4663-85D6-EF0DAA5B6FE5}.Release|Any CPU.Build.0 = Release|Any CPU
	EndGlobalSection
EndGlobal
